// !$*UTF8*$!
{
	archiveVersion = 1;
	classes = {
	};
	objectVersion = 50;
	objects = {

/* Begin PBXBuildFile section */
		8C3AEEDD22A1723900C5B0D6 /* AppDelegate.swift in Sources */ = {isa = PBXBuildFile; fileRef = 8C3AEEDC22A1723900C5B0D6 /* AppDelegate.swift */; };
		8C3AEEDF22A1723900C5B0D6 /* ViewController.swift in Sources */ = {isa = PBXBuildFile; fileRef = 8C3AEEDE22A1723900C5B0D6 /* ViewController.swift */; };
		8C3AEEE222A1723900C5B0D6 /* Main.storyboard in Resources */ = {isa = PBXBuildFile; fileRef = 8C3AEEE022A1723900C5B0D6 /* Main.storyboard */; };
		8C3AEEE422A1723A00C5B0D6 /* Assets.xcassets in Resources */ = {isa = PBXBuildFile; fileRef = 8C3AEEE322A1723A00C5B0D6 /* Assets.xcassets */; };
		8C3AEEE722A1723A00C5B0D6 /* LaunchScreen.storyboard in Resources */ = {isa = PBXBuildFile; fileRef = 8C3AEEE522A1723A00C5B0D6 /* LaunchScreen.storyboard */; };
		8C3AEEEF22A174A800C5B0D6 /* webchatv2demo.html in Resources */ = {isa = PBXBuildFile; fileRef = 8C3AEEEE22A174A800C5B0D6 /* webchatv2demo.html */; };
		8C3AEEF122A17C6000C5B0D6 /* WebChatViewController.swift in Sources */ = {isa = PBXBuildFile; fileRef = 8C3AEEF022A17C6000C5B0D6 /* WebChatViewController.swift */; };
		8C3AEEF422A17ED100C5B0D6 /* WebKit.framework in Frameworks */ = {isa = PBXBuildFile; fileRef = 8C3AEEF322A17ED100C5B0D6 /* WebKit.framework */; };
/* End PBXBuildFile section */

/* Begin PBXFileReference section */
		8C3AEED922A1723900C5B0D6 /* WebChat Demo.app */ = {isa = PBXFileReference; explicitFileType = wrapper.application; includeInIndex = 0; path = "WebChat Demo.app"; sourceTree = BUILT_PRODUCTS_DIR; };
		8C3AEEDC22A1723900C5B0D6 /* AppDelegate.swift */ = {isa = PBXFileReference; lastKnownFileType = sourcecode.swift; path = AppDelegate.swift; sourceTree = "<group>"; };
		8C3AEEDE22A1723900C5B0D6 /* ViewController.swift */ = {isa = PBXFileReference; lastKnownFileType = sourcecode.swift; path = ViewController.swift; sourceTree = "<group>"; };
		8C3AEEE122A1723900C5B0D6 /* Base */ = {isa = PBXFileReference; lastKnownFileType = file.storyboard; name = Base; path = Base.lproj/Main.storyboard; sourceTree = "<group>"; };
		8C3AEEE322A1723A00C5B0D6 /* Assets.xcassets */ = {isa = PBXFileReference; lastKnownFileType = folder.assetcatalog; path = Assets.xcassets; sourceTree = "<group>"; };
		8C3AEEE622A1723A00C5B0D6 /* Base */ = {isa = PBXFileReference; lastKnownFileType = file.storyboard; name = Base; path = Base.lproj/LaunchScreen.storyboard; sourceTree = "<group>"; };
		8C3AEEE822A1723A00C5B0D6 /* Info.plist */ = {isa = PBXFileReference; lastKnownFileType = text.plist.xml; path = Info.plist; sourceTree = "<group>"; };
		8C3AEEEE22A174A800C5B0D6 /* webchatv2demo.html */ = {isa = PBXFileReference; fileEncoding = 4; lastKnownFileType = text.html; path = webchatv2demo.html; sourceTree = "<group>"; };
		8C3AEEF022A17C6000C5B0D6 /* WebChatViewController.swift */ = {isa = PBXFileReference; lastKnownFileType = sourcecode.swift; path = WebChatViewController.swift; sourceTree = "<group>"; };
		8C3AEEF322A17ED100C5B0D6 /* WebKit.framework */ = {isa = PBXFileReference; lastKnownFileType = wrapper.framework; name = WebKit.framework; path = System/Library/Frameworks/WebKit.framework; sourceTree = SDKROOT; };
/* End PBXFileReference section */

/* Begin PBXFrameworksBuildPhase section */
		8C3AEED622A1723900C5B0D6 /* Frameworks */ = {
			isa = PBXFrameworksBuildPhase;
			buildActionMask = 2147483647;
			files = (
				8C3AEEF422A17ED100C5B0D6 /* WebKit.framework in Frameworks */,
			);
			runOnlyForDeploymentPostprocessing = 0;
		};
/* End PBXFrameworksBuildPhase section */

/* Begin PBXGroup section */
		8C3AEED022A1723900C5B0D6 = {
			isa = PBXGroup;
			children = (
				8C3AEEDB22A1723900C5B0D6 /* WebChat Demo */,
				8C3AEEDA22A1723900C5B0D6 /* Products */,
				8C3AEEF222A17ED000C5B0D6 /* Frameworks */,
			);
			sourceTree = "<group>";
		};
		8C3AEEDA22A1723900C5B0D6 /* Products */ = {
			isa = PBXGroup;
			children = (
				8C3AEED922A1723900C5B0D6 /* WebChat Demo.app */,
			);
			name = Products;
			sourceTree = "<group>";
		};
		8C3AEEDB22A1723900C5B0D6 /* WebChat Demo */ = {
			isa = PBXGroup;
			children = (
				8C3AEEDC22A1723900C5B0D6 /* AppDelegate.swift */,
				8C3AEEDE22A1723900C5B0D6 /* ViewController.swift */,
				8C3AEEE022A1723900C5B0D6 /* Main.storyboard */,
				8C3AEEE322A1723A00C5B0D6 /* Assets.xcassets */,
				8C3AEEE522A1723A00C5B0D6 /* LaunchScreen.storyboard */,
				8C3AEEE822A1723A00C5B0D6 /* Info.plist */,
				8C3AEEEE22A174A800C5B0D6 /* webchatv2demo.html */,
				8C3AEEF022A17C6000C5B0D6 /* WebChatViewController.swift */,
			);
			path = "WebChat Demo";
			sourceTree = "<group>";
		};
		8C3AEEF222A17ED000C5B0D6 /* Frameworks */ = {
			isa = PBXGroup;
			children = (
				8C3AEEF322A17ED100C5B0D6 /* WebKit.framework */,
			);
			name = Frameworks;
			sourceTree = "<group>";
		};
/* End PBXGroup section */

/* Begin PBXNativeTarget section */
		8C3AEED822A1723900C5B0D6 /* WebChat Demo */ = {
			isa = PBXNativeTarget;
			buildConfigurationList = 8C3AEEEB22A1723A00C5B0D6 /* Build configuration list for PBXNativeTarget "WebChat Demo" */;
			buildPhases = (
				8C3AEED522A1723900C5B0D6 /* Sources */,
				8C3AEED622A1723900C5B0D6 /* Frameworks */,
				8C3AEED722A1723900C5B0D6 /* Resources */,
			);
			buildRules = (
			);
			dependencies = (
			);
			name = "WebChat Demo";
			productName = "WebChat Demo";
			productReference = 8C3AEED922A1723900C5B0D6 /* WebChat Demo.app */;
			productType = "com.apple.product-type.application";
		};
/* End PBXNativeTarget section */

/* Begin PBXProject section */
		8C3AEED122A1723900C5B0D6 /* Project object */ = {
			isa = PBXProject;
			attributes = {
				LastSwiftUpdateCheck = 1020;
				LastUpgradeCheck = 1020;
				ORGANIZATIONNAME = Genesys;
				TargetAttributes = {
					8C3AEED822A1723900C5B0D6 = {
						CreatedOnToolsVersion = 10.2.1;
					};
				};
			};
			buildConfigurationList = 8C3AEED422A1723900C5B0D6 /* Build configuration list for PBXProject "WebChat Demo" */;
			compatibilityVersion = "Xcode 9.3";
			developmentRegion = en;
			hasScannedForEncodings = 0;
			knownRegions = (
				en,
				Base,
			);
			mainGroup = 8C3AEED022A1723900C5B0D6;
			productRefGroup = 8C3AEEDA22A1723900C5B0D6 /* Products */;
			projectDirPath = "";
			projectRoot = "";
			targets = (
				8C3AEED822A1723900C5B0D6 /* WebChat Demo */,
			);
		};
/* End PBXProject section */

/* Begin PBXResourcesBuildPhase section */
		8C3AEED722A1723900C5B0D6 /* Resources */ = {
			isa = PBXResourcesBuildPhase;
			buildActionMask = 2147483647;
			files = (
				8C3AEEEF22A174A800C5B0D6 /* webchatv2demo.html in Resources */,
				8C3AEEE722A1723A00C5B0D6 /* LaunchScreen.storyboard in Resources */,
				8C3AEEE422A1723A00C5B0D6 /* Assets.xcassets in Resources */,
				8C3AEEE222A1723900C5B0D6 /* Main.storyboard in Resources */,
			);
			runOnlyForDeploymentPostprocessing = 0;
		};
/* End PBXResourcesBuildPhase section */

/* Begin PBXSourcesBuildPhase section */
		8C3AEED522A1723900C5B0D6 /* Sources */ = {
			isa = PBXSourcesBuildPhase;
			buildActionMask = 2147483647;
			files = (
				8C3AEEDF22A1723900C5B0D6 /* ViewController.swift in Sources */,
				8C3AEEDD22A1723900C5B0D6 /* AppDelegate.swift in Sources */,
				8C3AEEF122A17C6000C5B0D6 /* WebChatViewController.swift in Sources */,
			);
			runOnlyForDeploymentPostprocessing = 0;
		};
/* End PBXSourcesBuildPhase section */

/* Begin PBXVariantGroup section */
		8C3AEEE022A1723900C5B0D6 /* Main.storyboard */ = {
			isa = PBXVariantGroup;
			children = (
				8C3AEEE122A1723900C5B0D6 /* Base */,
			);
			name = Main.storyboard;
			sourceTree = "<group>";
		};
		8C3AEEE522A1723A00C5B0D6 /* LaunchScreen.storyboard */ = {
			isa = PBXVariantGroup;
			children = (
				8C3AEEE622A1723A00C5B0D6 /* Base */,
			);
			name = LaunchScreen.storyboard;
			sourceTree = "<group>";
		};
/* End PBXVariantGroup section */

/* Begin XCBuildConfiguration section */
		8C3AEEE922A1723A00C5B0D6 /* Debug */ = {
			isa = XCBuildConfiguration;
			buildSettings = {
				ALWAYS_SEARCH_USER_PATHS = NO;
				CLANG_ANALYZER_NONNULL = YES;
				CLANG_ANALYZER_NUMBER_OBJECT_CONVERSION = YES_AGGRESSIVE;
				CLANG_CXX_LANGUAGE_STANDARD = "gnu++14";
				CLANG_CXX_LIBRARY = "libc++";
				CLANG_ENABLE_MODULES = YES;
				CLANG_ENABLE_OBJC_ARC = YES;
				CLANG_ENABLE_OBJC_WEAK = YES;
				CLANG_WARN_BLOCK_CAPTURE_AUTORELEASING = YES;
				CLANG_WARN_BOOL_CONVERSION = YES;
				CLANG_WARN_COMMA = YES;
				CLANG_WARN_CONSTANT_CONVERSION = YES;
				CLANG_WARN_DEPRECATED_OBJC_IMPLEMENTATIONS = YES;
				CLANG_WARN_DIRECT_OBJC_ISA_USAGE = YES_ERROR;
				CLANG_WARN_DOCUMENTATION_COMMENTS = YES;
				CLANG_WARN_EMPTY_BODY = YES;
				CLANG_WARN_ENUM_CONVERSION = YES;
				CLANG_WARN_INFINITE_RECURSION = YES;
				CLANG_WARN_INT_CONVERSION = YES;
				CLANG_WARN_NON_LITERAL_NULL_CONVERSION = YES;
				CLANG_WARN_OBJC_IMPLICIT_RETAIN_SELF = YES;
				CLANG_WARN_OBJC_LITERAL_CONVERSION = YES;
				CLANG_WARN_OBJC_ROOT_CLASS = YES_ERROR;
				CLANG_WARN_RANGE_LOOP_ANALYSIS = YES;
				CLANG_WARN_STRICT_PROTOTYPES = YES;
				CLANG_WARN_SUSPICIOUS_MOVE = YES;
				CLANG_WARN_UNGUARDED_AVAILABILITY = YES_AGGRESSIVE;
				CLANG_WARN_UNREACHABLE_CODE = YES;
				CLANG_WARN__DUPLICATE_METHOD_MATCH = YES;
				CODE_SIGN_IDENTITY = "iPhone Developer";
				COPY_PHASE_STRIP = NO;
				DEBUG_INFORMATION_FORMAT = dwarf;
				ENABLE_STRICT_OBJC_MSGSEND = YES;
				ENABLE_TESTABILITY = YES;
				GCC_C_LANGUAGE_STANDARD = gnu11;
				GCC_DYNAMIC_NO_PIC = NO;
				GCC_NO_COMMON_BLOCKS = YES;
				GCC_OPTIMIZATION_LEVEL = 0;
				GCC_PREPROCESSOR_DEFINITIONS = (
					"DEBUG=1",
					"$(inherited)",
				);
				GCC_WARN_64_TO_32_BIT_CONVERSION = YES;
				GCC_WARN_ABOUT_RETURN_TYPE = YES_ERROR;
				GCC_WARN_UNDECLARED_SELECTOR = YES;
				GCC_WARN_UNINITIALIZED_AUTOS = YES_AGGRESSIVE;
				GCC_WARN_UNUSED_FUNCTION = YES;
				GCC_WARN_UNUSED_VARIABLE = YES;
				IPHONEOS_DEPLOYMENT_TARGET = 12.2;
				MTL_ENABLE_DEBUG_INFO = INCLUDE_SOURCE;
				MTL_FAST_MATH = YES;
				ONLY_ACTIVE_ARCH = YES;
				SDKROOT = iphoneos;
				SWIFT_ACTIVE_COMPILATION_CONDITIONS = DEBUG;
				SWIFT_OPTIMIZATION_LEVEL = "-Onone";
			};
			name = Debug;
		};
		8C3AEEEA22A1723A00C5B0D6 /* Release */ = {
			isa = XCBuildConfiguration;
			buildSettings = {
				ALWAYS_SEARCH_USER_PATHS = NO;
				CLANG_ANALYZER_NONNULL = YES;
				CLANG_ANALYZER_NUMBER_OBJECT_CONVERSION = YES_AGGRESSIVE;
				CLANG_CXX_LANGUAGE_STANDARD = "gnu++14";
				CLANG_CXX_LIBRARY = "libc++";
				CLANG_ENABLE_MODULES = YES;
				CLANG_ENABLE_OBJC_ARC = YES;
				CLANG_ENABLE_OBJC_WEAK = YES;
				CLANG_WARN_BLOCK_CAPTURE_AUTORELEASING = YES;
				CLANG_WARN_BOOL_CONVERSION = YES;
				CLANG_WARN_COMMA = YES;
				CLANG_WARN_CONSTANT_CONVERSION = YES;
				CLANG_WARN_DEPRECATED_OBJC_IMPLEMENTATIONS = YES;
				CLANG_WARN_DIRECT_OBJC_ISA_USAGE = YES_ERROR;
				CLANG_WARN_DOCUMENTATION_COMMENTS = YES;
				CLANG_WARN_EMPTY_BODY = YES;
				CLANG_WARN_ENUM_CONVERSION = YES;
				CLANG_WARN_INFINITE_RECURSION = YES;
				CLANG_WARN_INT_CONVERSION = YES;
				CLANG_WARN_NON_LITERAL_NULL_CONVERSION = YES;
				CLANG_WARN_OBJC_IMPLICIT_RETAIN_SELF = YES;
				CLANG_WARN_OBJC_LITERAL_CONVERSION = YES;
				CLANG_WARN_OBJC_ROOT_CLASS = YES_ERROR;
				CLANG_WARN_RANGE_LOOP_ANALYSIS = YES;
				CLANG_WARN_STRICT_PROTOTYPES = YES;
				CLANG_WARN_SUSPICIOUS_MOVE = YES;
				CLANG_WARN_UNGUARDED_AVAILABILITY = YES_AGGRESSIVE;
				CLANG_WARN_UNREACHABLE_CODE = YES;
				CLANG_WARN__DUPLICATE_METHOD_MATCH = YES;
				CODE_SIGN_IDENTITY = "iPhone Developer";
				COPY_PHASE_STRIP = NO;
				DEBUG_INFORMATION_FORMAT = "dwarf-with-dsym";
				ENABLE_NS_ASSERTIONS = NO;
				ENABLE_STRICT_OBJC_MSGSEND = YES;
				GCC_C_LANGUAGE_STANDARD = gnu11;
				GCC_NO_COMMON_BLOCKS = YES;
				GCC_WARN_64_TO_32_BIT_CONVERSION = YES;
				GCC_WARN_ABOUT_RETURN_TYPE = YES_ERROR;
				GCC_WARN_UNDECLARED_SELECTOR = YES;
				GCC_WARN_UNINITIALIZED_AUTOS = YES_AGGRESSIVE;
				GCC_WARN_UNUSED_FUNCTION = YES;
				GCC_WARN_UNUSED_VARIABLE = YES;
				IPHONEOS_DEPLOYMENT_TARGET = 12.2;
				MTL_ENABLE_DEBUG_INFO = NO;
				MTL_FAST_MATH = YES;
				SDKROOT = iphoneos;
				SWIFT_COMPILATION_MODE = wholemodule;
				SWIFT_OPTIMIZATION_LEVEL = "-O";
				VALIDATE_PRODUCT = YES;
			};
			name = Release;
		};
		8C3AEEEC22A1723A00C5B0D6 /* Debug */ = {
			isa = XCBuildConfiguration;
			buildSettings = {
				ASSETCATALOG_COMPILER_APPICON_NAME = AppIcon;
				CODE_SIGN_STYLE = Automatic;
				DEVELOPMENT_TEAM = 9U57N843V9;
				INFOPLIST_FILE = "WebChat Demo/Info.plist";
				LD_RUNPATH_SEARCH_PATHS = (
					"$(inherited)",
					"@executable_path/Frameworks",
				);
				PRODUCT_BUNDLE_IDENTIFIER = "com.genesys.WebChat-Demo";
				PRODUCT_NAME = "$(TARGET_NAME)";
				SWIFT_VERSION = 5.0;
				TARGETED_DEVICE_FAMILY = "1,2";
			};
			name = Debug;
		};
		8C3AEEED22A1723A00C5B0D6 /* Release */ = {
			isa = XCBuildConfiguration;
			buildSettings = {
				ASSETCATALOG_COMPILER_APPICON_NAME = AppIcon;
				CODE_SIGN_STYLE = Automatic;
				DEVELOPMENT_TEAM = 9U57N843V9;
				INFOPLIST_FILE = "WebChat Demo/Info.plist";
				LD_RUNPATH_SEARCH_PATHS = (
					"$(inherited)",
					"@executable_path/Frameworks",
				);
				PRODUCT_BUNDLE_IDENTIFIER = "com.genesys.WebChat-Demo";
				PRODUCT_NAME = "$(TARGET_NAME)";
				SWIFT_VERSION = 5.0;
				TARGETED_DEVICE_FAMILY = "1,2";
			};
			name = Release;
		};
/* End XCBuildConfiguration section */

/* Begin XCConfigurationList section */
		8C3AEED422A1723900C5B0D6 /* Build configuration list for PBXProject "WebChat Demo" */ = {
			isa = XCConfigurationList;
			buildConfigurations = (
				8C3AEEE922A1723A00C5B0D6 /* Debug */,
				8C3AEEEA22A1723A00C5B0D6 /* Release */,
			);
			defaultConfigurationIsVisible = 0;
			defaultConfigurationName = Release;
		};
		8C3AEEEB22A1723A00C5B0D6 /* Build configuration list for PBXNativeTarget "WebChat Demo" */ = {
			isa = XCConfigurationList;
			buildConfigurations = (
				8C3AEEEC22A1723A00C5B0D6 /* Debug */,
				8C3AEEED22A1723A00C5B0D6 /* Release */,
			);
			defaultConfigurationIsVisible = 0;
			defaultConfigurationName = Release;
		};
/* End XCConfigurationList section */
	};
	rootObject = 8C3AEED122A1723900C5B0D6 /* Project object */;
}
